
Microsoft Visual Studio Solution File, Format Version 12.00
# Visual Studio 15
VisualStudioVersion = 15.0.26730.12
MinimumVisualStudioVersion = 10.0.40219.1
Project("{FAE04EC0-301F-11D3-BF4B-00C04F79EFBC}") = "SaleTools", "SaleTools\SaleTools.csproj", "{190F5757-F6C8-4733-BD52-36926AC91098}"
EndProject
Project("{FAE04EC0-301F-11D3-BF4B-00C04F79EFBC}") = "Model", "Model\Model.csproj", "{C3C0AB4C-2557-4539-BD63-DCA2F055FC35}"
EndProject
Project("{FAE04EC0-301F-11D3-BF4B-00C04F79EFBC}") = "Dal", "Dal\Dal.csproj", "{8D78A19C-C2E2-49AF-A80A-2218859E156A}"
EndProject
Project("{FAE04EC0-301F-11D3-BF4B-00C04F79EFBC}") = "BLL", "BLL\BLL.csproj", "{28394208-5266-4EC5-94D5-A691AE091B91}"
EndProject
Project("{FAE04EC0-301F-11D3-BF4B-00C04F79EFBC}") = "Common", "Common\Common.csproj", "{A80C3369-87E8-4F40-8F08-CD6A549E1B0B}"
EndProject
Project("{FAE04EC0-301F-11D3-BF4B-00C04F79EFBC}") = "InputImg", "InputImg\InputImg.csproj", "{1B0C4E63-25BD-4088-A22D-C2316AD2E179}"
EndProject
Global
	GlobalSection(SolutionConfigurationPlatforms) = preSolution
		Debug|Any CPU = Debug|Any CPU
		Release|Any CPU = Release|Any CPU
	EndGlobalSection
	GlobalSection(ProjectConfigurationPlatforms) = postSolution
		{190F5757-F6C8-4733-BD52-36926AC91098}.Debug|Any CPU.ActiveCfg = Debug|Any CPU
		{190F5757-F6C8-4733-BD52-36926AC91098}.Debug|Any CPU.Build.0 = Debug|Any CPU
		{190F5757-F6C8-4733-BD52-36926AC91098}.Release|Any CPU.ActiveCfg = Release|Any CPU
		{190F5757-F6C8-4733-BD52-36926AC91098}.Release|Any CPU.Build.0 = Release|Any CPU
		{C3C0AB4C-2557-4539-BD63-DCA2F055FC35}.Debug|Any CPU.ActiveCfg = Debug|Any CPU
		{C3C0AB4C-2557-4539-BD63-DCA2F055FC35}.Debug|Any CPU.Build.0 = Debug|Any CPU
		{C3C0AB4C-2557-4539-BD63-DCA2F055FC35}.Release|Any CPU.ActiveCfg = Release|Any CPU
		{C3C0AB4C-2557-4539-BD63-DCA2F055FC35}.Release|Any CPU.Build.0 = Release|Any CPU
		{8D78A19C-C2E2-49AF-A80A-2218859E156A}.Debug|Any CPU.ActiveCfg = Debug|Any CPU
		{8D78A19C-C2E2-49AF-A80A-2218859E156A}.Debug|Any CPU.Build.0 = Debug|Any CPU
		{8D78A19C-C2E2-49AF-A80A-2218859E156A}.Release|Any CPU.ActiveCfg = Release|Any CPU
		{8D78A19C-C2E2-49AF-A80A-2218859E156A}.Release|Any CPU.Build.0 = Release|Any CPU
		{28394208-5266-4EC5-94D5-A691AE091B91}.Debug|Any CPU.ActiveCfg = Debug|Any CPU
		{28394208-5266-4EC5-94D5-A691AE091B91}.Debug|Any CPU.Build.0 = Debug|Any CPU
		{28394208-5266-4EC5-94D5-A691AE091B91}.Release|Any CPU.ActiveCfg = Release|Any CPU
		{28394208-5266-4EC5-94D5-A691AE091B91}.Release|Any CPU.Build.0 = Release|Any CPU
		{A80C3369-87E8-4F40-8F08-CD6A549E1B0B}.Debug|Any CPU.ActiveCfg = Debug|Any CPU
		{A80C3369-87E8-4F40-8F08-CD6A549E1B0B}.Debug|Any CPU.Build.0 = Debug|Any CPU
		{A80C3369-87E8-4F40-8F08-CD6A549E1B0B}.Release|Any CPU.ActiveCfg = Release|Any CPU
		{A80C3369-87E8-4F40-8F08-CD6A549E1B0B}.Release|Any CPU.Build.0 = Release|Any CPU
		{1B0C4E63-25BD-4088-A22D-C2316AD2E179}.Debug|Any CPU.ActiveCfg = Debug|Any CPU
		{1B0C4E63-25BD-4088-A22D-C2316AD2E179}.Debug|Any CPU.Build.0 = Debug|Any CPU
		{1B0C4E63-25BD-4088-A22D-C2316AD2E179}.Release|Any CPU.ActiveCfg = Release|Any CPU
		{1B0C4E63-25BD-4088-A22D-C2316AD2E179}.Release|Any CPU.Build.0 = Release|Any CPU
	EndGlobalSection
	GlobalSection(SolutionProperties) = preSolution
		HideSolutionNode = FALSE
	EndGlobalSection
	GlobalSection(ExtensibilityGlobals) = postSolution
		SolutionGuid = {2D33625E-FB53-4DE0-A2B7-5D11479E9668}
	EndGlobalSection
EndGlobal
